
Microsoft Visual Studio Solution File, Format Version 12.00
# Visual Studio Version 17
VisualStudioVersion = 17.5.33530.505
MinimumVisualStudioVersion = 10.0.40219.1
Project("{FAE04EC0-301F-11D3-BF4B-00C04F79EFBC}") = "Collections", "Collections\Collections.csproj", "{445952ED-B9DA-49F6-BD47-EFE08517B115}"
EndProject
Global
	GlobalSection(SolutionConfigurationPlatforms) = preSolution
		Debug|Any CPU = Debug|Any CPU
		Release|Any CPU = Release|Any CPU
	EndGlobalSection
	GlobalSection(ProjectConfigurationPlatforms) = postSolution
		{445952ED-B9DA-49F6-BD47-EFE08517B115}.Debug|Any CPU.ActiveCfg = Debug|Any CPU
		{445952ED-B9DA-49F6-BD47-EFE08517B115}.Debug|Any CPU.Build.0 = Debug|Any CPU
		{445952ED-B9DA-49F6-BD47-EFE08517B115}.Release|Any CPU.ActiveCfg = Release|Any CPU
		{445952ED-B9DA-49F6-BD47-EFE08517B115}.Release|Any CPU.Build.0 = Release|Any CPU
	EndGlobalSection
	GlobalSection(SolutionProperties) = preSolution
		HideSolutionNode = FALSE
	EndGlobalSection
	GlobalSection(ExtensibilityGlobals) = postSolution
		SolutionGuid = {CEF9FFAB-4D4C-483E-BE3D-262BA6BFB3C0}
	EndGlobalSection
EndGlobal
