
Microsoft Visual Studio Solution File, Format Version 12.00
# Visual Studio Version 17
VisualStudioVersion = 17.5.33530.505
MinimumVisualStudioVersion = 10.0.40219.1
Project("{FAE04EC0-301F-11D3-BF4B-00C04F79EFBC}") = "Switch case", "Switch case\Switch case.csproj", "{D537A2DD-68B6-48FD-8507-2DCA4FE8D4C4}"
EndProject
Global
	GlobalSection(SolutionConfigurationPlatforms) = preSolution
		Debug|Any CPU = Debug|Any CPU
		Release|Any CPU = Release|Any CPU
	EndGlobalSection
	GlobalSection(ProjectConfigurationPlatforms) = postSolution
		{D537A2DD-68B6-48FD-8507-2DCA4FE8D4C4}.Debug|Any CPU.ActiveCfg = Debug|Any CPU
		{D537A2DD-68B6-48FD-8507-2DCA4FE8D4C4}.Debug|Any CPU.Build.0 = Debug|Any CPU
		{D537A2DD-68B6-48FD-8507-2DCA4FE8D4C4}.Release|Any CPU.ActiveCfg = Release|Any CPU
		{D537A2DD-68B6-48FD-8507-2DCA4FE8D4C4}.Release|Any CPU.Build.0 = Release|Any CPU
	EndGlobalSection
	GlobalSection(SolutionProperties) = preSolution
		HideSolutionNode = FALSE
	EndGlobalSection
	GlobalSection(ExtensibilityGlobals) = postSolution
		SolutionGuid = {253EBD96-0EA0-4637-B493-C0EDFF54A2F6}
	EndGlobalSection
EndGlobal
