
Microsoft Visual Studio Solution File, Format Version 12.00
# Visual Studio Version 17
VisualStudioVersion = 17.5.33530.505
MinimumVisualStudioVersion = 10.0.40219.1
Project("{FAE04EC0-301F-11D3-BF4B-00C04F79EFBC}") = "5 Digits Sum", "5 Digits Sum\5 Digits Sum.csproj", "{FCD18C47-487D-4AE0-8165-1BCB3101D8AF}"
EndProject
Global
	GlobalSection(SolutionConfigurationPlatforms) = preSolution
		Debug|Any CPU = Debug|Any CPU
		Release|Any CPU = Release|Any CPU
	EndGlobalSection
	GlobalSection(ProjectConfigurationPlatforms) = postSolution
		{FCD18C47-487D-4AE0-8165-1BCB3101D8AF}.Debug|Any CPU.ActiveCfg = Debug|Any CPU
		{FCD18C47-487D-4AE0-8165-1BCB3101D8AF}.Debug|Any CPU.Build.0 = Debug|Any CPU
		{FCD18C47-487D-4AE0-8165-1BCB3101D8AF}.Release|Any CPU.ActiveCfg = Release|Any CPU
		{FCD18C47-487D-4AE0-8165-1BCB3101D8AF}.Release|Any CPU.Build.0 = Release|Any CPU
	EndGlobalSection
	GlobalSection(SolutionProperties) = preSolution
		HideSolutionNode = FALSE
	EndGlobalSection
	GlobalSection(ExtensibilityGlobals) = postSolution
		SolutionGuid = {C89A8FD8-5E03-4873-98DB-F644B3C74A54}
	EndGlobalSection
EndGlobal
