
Microsoft Visual Studio Solution File, Format Version 12.00
# Visual Studio Version 17
VisualStudioVersion = 17.5.33530.505
MinimumVisualStudioVersion = 10.0.40219.1
Project("{FAE04EC0-301F-11D3-BF4B-00C04F79EFBC}") = "Array_duplicate values", "Array_duplicate values\Array_duplicate values.csproj", "{1BA13660-B589-4880-9D4A-954369253C0C}"
EndProject
Global
	GlobalSection(SolutionConfigurationPlatforms) = preSolution
		Debug|Any CPU = Debug|Any CPU
		Release|Any CPU = Release|Any CPU
	EndGlobalSection
	GlobalSection(ProjectConfigurationPlatforms) = postSolution
		{1BA13660-B589-4880-9D4A-954369253C0C}.Debug|Any CPU.ActiveCfg = Debug|Any CPU
		{1BA13660-B589-4880-9D4A-954369253C0C}.Debug|Any CPU.Build.0 = Debug|Any CPU
		{1BA13660-B589-4880-9D4A-954369253C0C}.Release|Any CPU.ActiveCfg = Release|Any CPU
		{1BA13660-B589-4880-9D4A-954369253C0C}.Release|Any CPU.Build.0 = Release|Any CPU
	EndGlobalSection
	GlobalSection(SolutionProperties) = preSolution
		HideSolutionNode = FALSE
	EndGlobalSection
	GlobalSection(ExtensibilityGlobals) = postSolution
		SolutionGuid = {09318264-A630-4F9D-926D-292F21516DBD}
	EndGlobalSection
EndGlobal
